
Microsoft Visual Studio Solution File, Format Version 12.00
# Visual Studio Version 16
VisualStudioVersion = 16.0.30104.148
MinimumVisualStudioVersion = 10.0.40219.1
Project("{9A19103F-16F7-4668-BE54-9A1E7A4F7556}") = "ReportsGenerator", "ReportsGenerator\ReportsGenerator.csproj", "{D35BCA94-378F-4312-AD47-924AC37206FD}"
EndProject
Project("{FAE04EC0-301F-11D3-BF4B-00C04F79EFBC}") = "ReportsGenerator.Tests", "ReportsGenerator.Tests\ReportsGenerator.Tests.csproj", "{DA2BDE36-E137-4A04-83B2-66B02311ECB3}"
EndProject
Global
	GlobalSection(SolutionConfigurationPlatforms) = preSolution
		Debug|Any CPU = Debug|Any CPU
		Release|Any CPU = Release|Any CPU
	EndGlobalSection
	GlobalSection(ProjectConfigurationPlatforms) = postSolution
		{D35BCA94-378F-4312-AD47-924AC37206FD}.Debug|Any CPU.ActiveCfg = Debug|Any CPU
		{D35BCA94-378F-4312-AD47-924AC37206FD}.Debug|Any CPU.Build.0 = Debug|Any CPU
		{D35BCA94-378F-4312-AD47-924AC37206FD}.Release|Any CPU.ActiveCfg = Release|Any CPU
		{D35BCA94-378F-4312-AD47-924AC37206FD}.Release|Any CPU.Build.0 = Release|Any CPU
		{DA2BDE36-E137-4A04-83B2-66B02311ECB3}.Debug|Any CPU.ActiveCfg = Debug|Any CPU
		{DA2BDE36-E137-4A04-83B2-66B02311ECB3}.Debug|Any CPU.Build.0 = Debug|Any CPU
		{DA2BDE36-E137-4A04-83B2-66B02311ECB3}.Release|Any CPU.ActiveCfg = Release|Any CPU
		{DA2BDE36-E137-4A04-83B2-66B02311ECB3}.Release|Any CPU.Build.0 = Release|Any CPU
	EndGlobalSection
	GlobalSection(SolutionProperties) = preSolution
		HideSolutionNode = FALSE
	EndGlobalSection
	GlobalSection(ExtensibilityGlobals) = postSolution
		SolutionGuid = {5E8E5183-DA9E-4DFA-9870-0D7657C7C556}
	EndGlobalSection
EndGlobal
